
Microsoft Visual Studio Solution File, Format Version 12.00
# Visual Studio Version 17
VisualStudioVersion = 17.13.35825.156 d17.13
MinimumVisualStudioVersion = 10.0.40219.1
Project("{FAE04EC0-301F-11D3-BF4B-00C04F79EFBC}") = "WinFormsApp1", "WinFormsApp1\WinFormsApp1.csproj", "{1C03A44A-0A57-4EE6-A3CA-BAF7CFA7C50E}"
EndProject
Global
	GlobalSection(SolutionConfigurationPlatforms) = preSolution
		Debug|Any CPU = Debug|Any CPU
		Release|Any CPU = Release|Any CPU
	EndGlobalSection
	GlobalSection(ProjectConfigurationPlatforms) = postSolution
		{1C03A44A-0A57-4EE6-A3CA-BAF7CFA7C50E}.Debug|Any CPU.ActiveCfg = Debug|Any CPU
		{1C03A44A-0A57-4EE6-A3CA-BAF7CFA7C50E}.Debug|Any CPU.Build.0 = Debug|Any CPU
		{1C03A44A-0A57-4EE6-A3CA-BAF7CFA7C50E}.Release|Any CPU.ActiveCfg = Release|Any CPU
		{1C03A44A-0A57-4EE6-A3CA-BAF7CFA7C50E}.Release|Any CPU.Build.0 = Release|Any CPU
	EndGlobalSection
	GlobalSection(SolutionProperties) = preSolution
		HideSolutionNode = FALSE
	EndGlobalSection
	GlobalSection(ExtensibilityGlobals) = postSolution
		SolutionGuid = {09D8A406-5240-4348-AC47-9AAF1A44D38F}
	EndGlobalSection
EndGlobal
